
Microsoft Visual Studio Solution File, Format Version 12.00
# Visual Studio Version 16
VisualStudioVersion = 16.0.31613.86
MinimumVisualStudioVersion = 10.0.40219.1
Project("{FAE04EC0-301F-11D3-BF4B-00C04F79EFBC}") = "Harjoitus 2", "Harjoitus 2\Harjoitus 2.csproj", "{3DFEA565-3E42-4AC1-8CB1-A6E6E7F31772}"
EndProject
Global
	GlobalSection(SolutionConfigurationPlatforms) = preSolution
		Debug|Any CPU = Debug|Any CPU
		Release|Any CPU = Release|Any CPU
	EndGlobalSection
	GlobalSection(ProjectConfigurationPlatforms) = postSolution
		{3DFEA565-3E42-4AC1-8CB1-A6E6E7F31772}.Debug|Any CPU.ActiveCfg = Debug|Any CPU
		{3DFEA565-3E42-4AC1-8CB1-A6E6E7F31772}.Debug|Any CPU.Build.0 = Debug|Any CPU
		{3DFEA565-3E42-4AC1-8CB1-A6E6E7F31772}.Release|Any CPU.ActiveCfg = Release|Any CPU
		{3DFEA565-3E42-4AC1-8CB1-A6E6E7F31772}.Release|Any CPU.Build.0 = Release|Any CPU
	EndGlobalSection
	GlobalSection(SolutionProperties) = preSolution
		HideSolutionNode = FALSE
	EndGlobalSection
	GlobalSection(ExtensibilityGlobals) = postSolution
		SolutionGuid = {1B00ED23-8A3C-494B-9965-03B3D9DD71A6}
	EndGlobalSection
EndGlobal
