
Microsoft Visual Studio Solution File, Format Version 12.00
# Visual Studio Version 16
VisualStudioVersion = 16.0.31613.86
MinimumVisualStudioVersion = 10.0.40219.1
Project("{FAE04EC0-301F-11D3-BF4B-00C04F79EFBC}") = "Salasanan tarkastus", "Salasanan tarkastus\Salasanan tarkastus.csproj", "{F02F7C88-6307-4074-9436-FB8048A88BE8}"
EndProject
Global
	GlobalSection(SolutionConfigurationPlatforms) = preSolution
		Debug|Any CPU = Debug|Any CPU
		Release|Any CPU = Release|Any CPU
	EndGlobalSection
	GlobalSection(ProjectConfigurationPlatforms) = postSolution
		{F02F7C88-6307-4074-9436-FB8048A88BE8}.Debug|Any CPU.ActiveCfg = Debug|Any CPU
		{F02F7C88-6307-4074-9436-FB8048A88BE8}.Debug|Any CPU.Build.0 = Debug|Any CPU
		{F02F7C88-6307-4074-9436-FB8048A88BE8}.Release|Any CPU.ActiveCfg = Release|Any CPU
		{F02F7C88-6307-4074-9436-FB8048A88BE8}.Release|Any CPU.Build.0 = Release|Any CPU
	EndGlobalSection
	GlobalSection(SolutionProperties) = preSolution
		HideSolutionNode = FALSE
	EndGlobalSection
	GlobalSection(ExtensibilityGlobals) = postSolution
		SolutionGuid = {AD8661B8-6BEC-49D3-936D-6F955B35DF44}
	EndGlobalSection
EndGlobal
