
Microsoft Visual Studio Solution File, Format Version 12.00
# Visual Studio Version 16
VisualStudioVersion = 16.0.31613.86
MinimumVisualStudioVersion = 10.0.40219.1
Project("{FAE04EC0-301F-11D3-BF4B-00C04F79EFBC}") = "Kysymystehtava", "Kysymystehtava\Kysymystehtava.csproj", "{0B0DA600-DF6F-4E0E-A700-4F01EDA82A6C}"
EndProject
Global
	GlobalSection(SolutionConfigurationPlatforms) = preSolution
		Debug|Any CPU = Debug|Any CPU
		Release|Any CPU = Release|Any CPU
	EndGlobalSection
	GlobalSection(ProjectConfigurationPlatforms) = postSolution
		{0B0DA600-DF6F-4E0E-A700-4F01EDA82A6C}.Debug|Any CPU.ActiveCfg = Debug|Any CPU
		{0B0DA600-DF6F-4E0E-A700-4F01EDA82A6C}.Debug|Any CPU.Build.0 = Debug|Any CPU
		{0B0DA600-DF6F-4E0E-A700-4F01EDA82A6C}.Release|Any CPU.ActiveCfg = Release|Any CPU
		{0B0DA600-DF6F-4E0E-A700-4F01EDA82A6C}.Release|Any CPU.Build.0 = Release|Any CPU
	EndGlobalSection
	GlobalSection(SolutionProperties) = preSolution
		HideSolutionNode = FALSE
	EndGlobalSection
	GlobalSection(ExtensibilityGlobals) = postSolution
		SolutionGuid = {D28DEBCD-995C-4677-9F94-C2A659351763}
	EndGlobalSection
EndGlobal
