
Microsoft Visual Studio Solution File, Format Version 12.00
# Visual Studio Version 16
VisualStudioVersion = 16.0.31613.86
MinimumVisualStudioVersion = 10.0.40219.1
Project("{FAE04EC0-301F-11D3-BF4B-00C04F79EFBC}") = "Laskin", "Laskin\Laskin.csproj", "{0BDB138C-7F53-4311-9D8D-6AD965DBA64B}"
EndProject
Global
	GlobalSection(SolutionConfigurationPlatforms) = preSolution
		Debug|Any CPU = Debug|Any CPU
		Release|Any CPU = Release|Any CPU
	EndGlobalSection
	GlobalSection(ProjectConfigurationPlatforms) = postSolution
		{0BDB138C-7F53-4311-9D8D-6AD965DBA64B}.Debug|Any CPU.ActiveCfg = Debug|Any CPU
		{0BDB138C-7F53-4311-9D8D-6AD965DBA64B}.Debug|Any CPU.Build.0 = Debug|Any CPU
		{0BDB138C-7F53-4311-9D8D-6AD965DBA64B}.Release|Any CPU.ActiveCfg = Release|Any CPU
		{0BDB138C-7F53-4311-9D8D-6AD965DBA64B}.Release|Any CPU.Build.0 = Release|Any CPU
	EndGlobalSection
	GlobalSection(SolutionProperties) = preSolution
		HideSolutionNode = FALSE
	EndGlobalSection
	GlobalSection(ExtensibilityGlobals) = postSolution
		SolutionGuid = {78A769EE-9AED-4194-9018-95E7201EC93D}
	EndGlobalSection
EndGlobal
