
Microsoft Visual Studio Solution File, Format Version 12.00
# Visual Studio Version 16
VisualStudioVersion = 16.0.31613.86
MinimumVisualStudioVersion = 10.0.40219.1
Project("{FAE04EC0-301F-11D3-BF4B-00C04F79EFBC}") = "Kahvila", "Kahvila\Kahvila.csproj", "{BF07E476-6EC2-42CE-BF6C-EDD867C6BE84}"
EndProject
Global
	GlobalSection(SolutionConfigurationPlatforms) = preSolution
		Debug|Any CPU = Debug|Any CPU
		Release|Any CPU = Release|Any CPU
	EndGlobalSection
	GlobalSection(ProjectConfigurationPlatforms) = postSolution
		{BF07E476-6EC2-42CE-BF6C-EDD867C6BE84}.Debug|Any CPU.ActiveCfg = Debug|Any CPU
		{BF07E476-6EC2-42CE-BF6C-EDD867C6BE84}.Debug|Any CPU.Build.0 = Debug|Any CPU
		{BF07E476-6EC2-42CE-BF6C-EDD867C6BE84}.Release|Any CPU.ActiveCfg = Release|Any CPU
		{BF07E476-6EC2-42CE-BF6C-EDD867C6BE84}.Release|Any CPU.Build.0 = Release|Any CPU
	EndGlobalSection
	GlobalSection(SolutionProperties) = preSolution
		HideSolutionNode = FALSE
	EndGlobalSection
	GlobalSection(ExtensibilityGlobals) = postSolution
		SolutionGuid = {F7AEDE25-D857-43B5-B95B-423B973FE402}
	EndGlobalSection
EndGlobal
